
Microsoft Visual Studio Solution File, Format Version 12.00
# Visual Studio 14
VisualStudioVersion = 14.0.25420.1
MinimumVisualStudioVersion = 10.0.40219.1
Project("{FAE04EC0-301F-11D3-BF4B-00C04F79EFBC}") = "CodeGeneration", "CodeGeneration\CodeGeneration.csproj", "{ED68AA48-FFC1-43A1-BE96-95F3FD997E4F}"
EndProject
Project("{FAE04EC0-301F-11D3-BF4B-00C04F79EFBC}") = "DAL", "DAL\DAL.csproj", "{0FA0D53F-0617-42B5-8BBE-1A1BE6932548}"
EndProject
Project("{FAE04EC0-301F-11D3-BF4B-00C04F79EFBC}") = "BLL", "BLL\BLL.csproj", "{A8C24F5F-0206-497A-9551-B9C583F7BF52}"
EndProject
Project("{FAE04EC0-301F-11D3-BF4B-00C04F79EFBC}") = "Model", "Model\Model.csproj", "{DDE9FCE2-8894-4780-AD22-D4F02B381826}"
EndProject
Global
	GlobalSection(SolutionConfigurationPlatforms) = preSolution
		Debug|Any CPU = Debug|Any CPU
		Release|Any CPU = Release|Any CPU
	EndGlobalSection
	GlobalSection(ProjectConfigurationPlatforms) = postSolution
		{ED68AA48-FFC1-43A1-BE96-95F3FD997E4F}.Debug|Any CPU.ActiveCfg = Debug|Any CPU
		{ED68AA48-FFC1-43A1-BE96-95F3FD997E4F}.Debug|Any CPU.Build.0 = Debug|Any CPU
		{ED68AA48-FFC1-43A1-BE96-95F3FD997E4F}.Release|Any CPU.ActiveCfg = Release|Any CPU
		{ED68AA48-FFC1-43A1-BE96-95F3FD997E4F}.Release|Any CPU.Build.0 = Release|Any CPU
		{0FA0D53F-0617-42B5-8BBE-1A1BE6932548}.Debug|Any CPU.ActiveCfg = Debug|Any CPU
		{0FA0D53F-0617-42B5-8BBE-1A1BE6932548}.Debug|Any CPU.Build.0 = Debug|Any CPU
		{0FA0D53F-0617-42B5-8BBE-1A1BE6932548}.Release|Any CPU.ActiveCfg = Release|Any CPU
		{0FA0D53F-0617-42B5-8BBE-1A1BE6932548}.Release|Any CPU.Build.0 = Release|Any CPU
		{A8C24F5F-0206-497A-9551-B9C583F7BF52}.Debug|Any CPU.ActiveCfg = Debug|Any CPU
		{A8C24F5F-0206-497A-9551-B9C583F7BF52}.Debug|Any CPU.Build.0 = Debug|Any CPU
		{A8C24F5F-0206-497A-9551-B9C583F7BF52}.Release|Any CPU.ActiveCfg = Release|Any CPU
		{A8C24F5F-0206-497A-9551-B9C583F7BF52}.Release|Any CPU.Build.0 = Release|Any CPU
		{DDE9FCE2-8894-4780-AD22-D4F02B381826}.Debug|Any CPU.ActiveCfg = Debug|Any CPU
		{DDE9FCE2-8894-4780-AD22-D4F02B381826}.Debug|Any CPU.Build.0 = Debug|Any CPU
		{DDE9FCE2-8894-4780-AD22-D4F02B381826}.Release|Any CPU.ActiveCfg = Release|Any CPU
		{DDE9FCE2-8894-4780-AD22-D4F02B381826}.Release|Any CPU.Build.0 = Release|Any CPU
	EndGlobalSection
	GlobalSection(SolutionProperties) = preSolution
		HideSolutionNode = FALSE
	EndGlobalSection
EndGlobal
